// !$*UTF8*$!
{
	archiveVersion = 1;
	classes = {
	};
	objectVersion = 46;
	objects = {

/* Begin PBXBuildFile section */
		7534B9491ED9EBD50056157A /* AppDelegate.swift in Sources */ = {isa = PBXBuildFile; fileRef = 7534B9481ED9EBD50056157A /* AppDelegate.swift */; };
		7534B94B1ED9EBD50056157A /* ViewController.swift in Sources */ = {isa = PBXBuildFile; fileRef = 7534B94A1ED9EBD50056157A /* ViewController.swift */; };
		7534B94E1ED9EBD50056157A /* Main.storyboard in Resources */ = {isa = PBXBuildFile; fileRef = 7534B94C1ED9EBD50056157A /* Main.storyboard */; };
		7534B9501ED9EBD50056157A /* Assets.xcassets in Resources */ = {isa = PBXBuildFile; fileRef = 7534B94F1ED9EBD50056157A /* Assets.xcassets */; };
		7534B9531ED9EBD50056157A /* LaunchScreen.storyboard in Resources */ = {isa = PBXBuildFile; fileRef = 7534B9511ED9EBD50056157A /* LaunchScreen.storyboard */; };
		7534B95C1ED9EDEC0056157A /* cachorro.png in Resources */ = {isa = PBXBuildFile; fileRef = 7534B95B1ED9EDEC0056157A /* cachorro.png */; };
/* End PBXBuildFile section */

/* Begin PBXFileReference section */
		7534B9451ED9EBD50056157A /* Lab_02.app */ = {isa = PBXFileReference; explicitFileType = wrapper.application; includeInIndex = 0; path = Lab_02.app; sourceTree = BUILT_PRODUCTS_DIR; };
		7534B9481ED9EBD50056157A /* AppDelegate.swift */ = {isa = PBXFileReference; lastKnownFileType = sourcecode.swift; path = AppDelegate.swift; sourceTree = "<group>"; };
		7534B94A1ED9EBD50056157A /* ViewController.swift */ = {isa = PBXFileReference; lastKnownFileType = sourcecode.swift; path = ViewController.swift; sourceTree = "<group>"; };
		7534B94D1ED9EBD50056157A /* Base */ = {isa = PBXFileReference; lastKnownFileType = file.storyboard; name = Base; path = Base.lproj/Main.storyboard; sourceTree = "<group>"; };
		7534B94F1ED9EBD50056157A /* Assets.xcassets */ = {isa = PBXFileReference; lastKnownFileType = folder.assetcatalog; path = Assets.xcassets; sourceTree = "<group>"; };
		7534B9521ED9EBD50056157A /* Base */ = {isa = PBXFileReference; lastKnownFileType = file.storyboard; name = Base; path = Base.lproj/LaunchScreen.storyboard; sourceTree = "<group>"; };
		7534B9541ED9EBD50056157A /* Info.plist */ = {isa = PBXFileReference; lastKnownFileType = text.plist.xml; path = Info.plist; sourceTree = "<group>"; };
		7534B95B1ED9EDEC0056157A /* cachorro.png */ = {isa = PBXFileReference; lastKnownFileType = image.png; path = cachorro.png; sourceTree = "<group>"; };
/* End PBXFileReference section */

/* Begin PBXFrameworksBuildPhase section */
		7534B9421ED9EBD50056157A /* Frameworks */ = {
			isa = PBXFrameworksBuildPhase;
			buildActionMask = 2147483647;
			files = (
			);
			runOnlyForDeploymentPostprocessing = 0;
		};
/* End PBXFrameworksBuildPhase section */

/* Begin PBXGroup section */
		7534B93C1ED9EBD40056157A = {
			isa = PBXGroup;
			children = (
				7534B9471ED9EBD50056157A /* Lab_02 */,
				7534B9461ED9EBD50056157A /* Products */,
			);
			sourceTree = "<group>";
		};
		7534B9461ED9EBD50056157A /* Products */ = {
			isa = PBXGroup;
			children = (
				7534B9451ED9EBD50056157A /* Lab_02.app */,
			);
			name = Products;
			sourceTree = "<group>";
		};
		7534B9471ED9EBD50056157A /* Lab_02 */ = {
			isa = PBXGroup;
			children = (
				7534B95A1ED9ED280056157A /* img */,
				7534B9481ED9EBD50056157A /* AppDelegate.swift */,
				7534B94A1ED9EBD50056157A /* ViewController.swift */,
				7534B94C1ED9EBD50056157A /* Main.storyboard */,
				7534B94F1ED9EBD50056157A /* Assets.xcassets */,
				7534B9511ED9EBD50056157A /* LaunchScreen.storyboard */,
				7534B9541ED9EBD50056157A /* Info.plist */,
			);
			path = Lab_02;
			sourceTree = "<group>";
		};
		7534B95A1ED9ED280056157A /* img */ = {
			isa = PBXGroup;
			children = (
				7534B95B1ED9EDEC0056157A /* cachorro.png */,
			);
			name = img;
			sourceTree = "<group>";
		};
/* End PBXGroup section */

/* Begin PBXNativeTarget section */
		7534B9441ED9EBD50056157A /* Lab_02 */ = {
			isa = PBXNativeTarget;
			buildConfigurationList = 7534B9571ED9EBD50056157A /* Build configuration list for PBXNativeTarget "Lab_02" */;
			buildPhases = (
				7534B9411ED9EBD50056157A /* Sources */,
				7534B9421ED9EBD50056157A /* Frameworks */,
				7534B9431ED9EBD50056157A /* Resources */,
			);
			buildRules = (
			);
			dependencies = (
			);
			name = Lab_02;
			productName = Lab_02;
			productReference = 7534B9451ED9EBD50056157A /* Lab_02.app */;
			productType = "com.apple.product-type.application";
		};
/* End PBXNativeTarget section */

/* Begin PBXProject section */
		7534B93D1ED9EBD50056157A /* Project object */ = {
			isa = PBXProject;
			attributes = {
				LastSwiftUpdateCheck = 0830;
				LastUpgradeCheck = 0830;
				ORGANIZATIONNAME = mobile;
				TargetAttributes = {
					7534B9441ED9EBD50056157A = {
						CreatedOnToolsVersion = 8.3;
						ProvisioningStyle = Automatic;
					};
				};
			};
			buildConfigurationList = 7534B9401ED9EBD50056157A /* Build configuration list for PBXProject "Lab_02" */;
			compatibilityVersion = "Xcode 3.2";
			developmentRegion = English;
			hasScannedForEncodings = 0;
			knownRegions = (
				en,
				Base,
			);
			mainGroup = 7534B93C1ED9EBD40056157A;
			productRefGroup = 7534B9461ED9EBD50056157A /* Products */;
			projectDirPath = "";
			projectRoot = "";
			targets = (
				7534B9441ED9EBD50056157A /* Lab_02 */,
			);
		};
/* End PBXProject section */

/* Begin PBXResourcesBuildPhase section */
		7534B9431ED9EBD50056157A /* Resources */ = {
			isa = PBXResourcesBuildPhase;
			buildActionMask = 2147483647;
			files = (
				7534B95C1ED9EDEC0056157A /* cachorro.png in Resources */,
				7534B9531ED9EBD50056157A /* LaunchScreen.storyboard in Resources */,
				7534B9501ED9EBD50056157A /* Assets.xcassets in Resources */,
				7534B94E1ED9EBD50056157A /* Main.storyboard in Resources */,
			);
			runOnlyForDeploymentPostprocessing = 0;
		};
/* End PBXResourcesBuildPhase section */

/* Begin PBXSourcesBuildPhase section */
		7534B9411ED9EBD50056157A /* Sources */ = {
			isa = PBXSourcesBuildPhase;
			buildActionMask = 2147483647;
			files = (
				7534B94B1ED9EBD50056157A /* ViewController.swift in Sources */,
				7534B9491ED9EBD50056157A /* AppDelegate.swift in Sources */,
			);
			runOnlyForDeploymentPostprocessing = 0;
		};
/* End PBXSourcesBuildPhase section */

/* Begin PBXVariantGroup section */
		7534B94C1ED9EBD50056157A /* Main.storyboard */ = {
			isa = PBXVariantGroup;
			children = (
				7534B94D1ED9EBD50056157A /* Base */,
			);
			name = Main.storyboard;
			sourceTree = "<group>";
		};
		7534B9511ED9EBD50056157A /* LaunchScreen.storyboard */ = {
			isa = PBXVariantGroup;
			children = (
				7534B9521ED9EBD50056157A /* Base */,
			);
			name = LaunchScreen.storyboard;
			sourceTree = "<group>";
		};
/* End PBXVariantGroup section */

/* Begin XCBuildConfiguration section */
		7534B9551ED9EBD50056157A /* Debug */ = {
			isa = XCBuildConfiguration;
			buildSettings = {
				ALWAYS_SEARCH_USER_PATHS = NO;
				CLANG_ANALYZER_NONNULL = YES;
				CLANG_ANALYZER_NUMBER_OBJECT_CONVERSION = YES_AGGRESSIVE;
				CLANG_CXX_LANGUAGE_STANDARD = "gnu++0x";
				CLANG_CXX_LIBRARY = "libc++";
				CLANG_ENABLE_MODULES = YES;
				CLANG_ENABLE_OBJC_ARC = YES;
				CLANG_WARN_BOOL_CONVERSION = YES;
				CLANG_WARN_CONSTANT_CONVERSION = YES;
				CLANG_WARN_DIRECT_OBJC_ISA_USAGE = YES_ERROR;
				CLANG_WARN_DOCUMENTATION_COMMENTS = YES;
				CLANG_WARN_EMPTY_BODY = YES;
				CLANG_WARN_ENUM_CONVERSION = YES;
				CLANG_WARN_INFINITE_RECURSION = YES;
				CLANG_WARN_INT_CONVERSION = YES;
				CLANG_WARN_OBJC_ROOT_CLASS = YES_ERROR;
				CLANG_WARN_SUSPICIOUS_MOVE = YES;
				CLANG_WARN_UNREACHABLE_CODE = YES;
				CLANG_WARN__DUPLICATE_METHOD_MATCH = YES;
				"CODE_SIGN_IDENTITY[sdk=iphoneos*]" = "iPhone Developer";
				COPY_PHASE_STRIP = NO;
				DEBUG_INFORMATION_FORMAT = dwarf;
				ENABLE_STRICT_OBJC_MSGSEND = YES;
				ENABLE_TESTABILITY = YES;
				GCC_C_LANGUAGE_STANDARD = gnu99;
				GCC_DYNAMIC_NO_PIC = NO;
				GCC_NO_COMMON_BLOCKS = YES;
				GCC_OPTIMIZATION_LEVEL = 0;
				GCC_PREPROCESSOR_DEFINITIONS = (
					"DEBUG=1",
					"$(inherited)",
				);
				GCC_WARN_64_TO_32_BIT_CONVERSION = YES;
				GCC_WARN_ABOUT_RETURN_TYPE = YES_ERROR;
				GCC_WARN_UNDECLARED_SELECTOR = YES;
				GCC_WARN_UNINITIALIZED_AUTOS = YES_AGGRESSIVE;
				GCC_WARN_UNUSED_FUNCTION = YES;
				GCC_WARN_UNUSED_VARIABLE = YES;
				IPHONEOS_DEPLOYMENT_TARGET = 10.3;
				MTL_ENABLE_DEBUG_INFO = YES;
				ONLY_ACTIVE_ARCH = YES;
				SDKROOT = iphoneos;
				SWIFT_ACTIVE_COMPILATION_CONDITIONS = DEBUG;
				SWIFT_OPTIMIZATION_LEVEL = "-Onone";
			};
			name = Debug;
		};
		7534B9561ED9EBD50056157A /* Release */ = {
			isa = XCBuildConfiguration;
			buildSettings = {
				ALWAYS_SEARCH_USER_PATHS = NO;
				CLANG_ANALYZER_NONNULL = YES;
				CLANG_ANALYZER_NUMBER_OBJECT_CONVERSION = YES_AGGRESSIVE;
				CLANG_CXX_LANGUAGE_STANDARD = "gnu++0x";
				CLANG_CXX_LIBRARY = "libc++";
				CLANG_ENABLE_MODULES = YES;
				CLANG_ENABLE_OBJC_ARC = YES;
				CLANG_WARN_BOOL_CONVERSION = YES;
				CLANG_WARN_CONSTANT_CONVERSION = YES;
				CLANG_WARN_DIRECT_OBJC_ISA_USAGE = YES_ERROR;
				CLANG_WARN_DOCUMENTATION_COMMENTS = YES;
				CLANG_WARN_EMPTY_BODY = YES;
				CLANG_WARN_ENUM_CONVERSION = YES;
				CLANG_WARN_INFINITE_RECURSION = YES;
				CLANG_WARN_INT_CONVERSION = YES;
				CLANG_WARN_OBJC_ROOT_CLASS = YES_ERROR;
				CLANG_WARN_SUSPICIOUS_MOVE = YES;
				CLANG_WARN_UNREACHABLE_CODE = YES;
				CLANG_WARN__DUPLICATE_METHOD_MATCH = YES;
				"CODE_SIGN_IDENTITY[sdk=iphoneos*]" = "iPhone Developer";
				COPY_PHASE_STRIP = NO;
				DEBUG_INFORMATION_FORMAT = "dwarf-with-dsym";
				ENABLE_NS_ASSERTIONS = NO;
				ENABLE_STRICT_OBJC_MSGSEND = YES;
				GCC_C_LANGUAGE_STANDARD = gnu99;
				GCC_NO_COMMON_BLOCKS = YES;
				GCC_WARN_64_TO_32_BIT_CONVERSION = YES;
				GCC_WARN_ABOUT_RETURN_TYPE = YES_ERROR;
				GCC_WARN_UNDECLARED_SELECTOR = YES;
				GCC_WARN_UNINITIALIZED_AUTOS = YES_AGGRESSIVE;
				GCC_WARN_UNUSED_FUNCTION = YES;
				GCC_WARN_UNUSED_VARIABLE = YES;
				IPHONEOS_DEPLOYMENT_TARGET = 10.3;
				MTL_ENABLE_DEBUG_INFO = NO;
				SDKROOT = iphoneos;
				SWIFT_OPTIMIZATION_LEVEL = "-Owholemodule";
				VALIDATE_PRODUCT = YES;
			};
			name = Release;
		};
		7534B9581ED9EBD50056157A /* Debug */ = {
			isa = XCBuildConfiguration;
			buildSettings = {
				ASSETCATALOG_COMPILER_APPICON_NAME = AppIcon;
				INFOPLIST_FILE = Lab_02/Info.plist;
				LD_RUNPATH_SEARCH_PATHS = "$(inherited) @executable_path/Frameworks";
				PRODUCT_BUNDLE_IDENTIFIER = "br.com.thiago.Lab-02";
				PRODUCT_NAME = "$(TARGET_NAME)";
				SWIFT_VERSION = 3.0;
			};
			name = Debug;
		};
		7534B9591ED9EBD50056157A /* Release */ = {
			isa = XCBuildConfiguration;
			buildSettings = {
				ASSETCATALOG_COMPILER_APPICON_NAME = AppIcon;
				INFOPLIST_FILE = Lab_02/Info.plist;
				LD_RUNPATH_SEARCH_PATHS = "$(inherited) @executable_path/Frameworks";
				PRODUCT_BUNDLE_IDENTIFIER = "br.com.thiago.Lab-02";
				PRODUCT_NAME = "$(TARGET_NAME)";
				SWIFT_VERSION = 3.0;
			};
			name = Release;
		};
/* End XCBuildConfiguration section */

/* Begin XCConfigurationList section */
		7534B9401ED9EBD50056157A /* Build configuration list for PBXProject "Lab_02" */ = {
			isa = XCConfigurationList;
			buildConfigurations = (
				7534B9551ED9EBD50056157A /* Debug */,
				7534B9561ED9EBD50056157A /* Release */,
			);
			defaultConfigurationIsVisible = 0;
			defaultConfigurationName = Release;
		};
		7534B9571ED9EBD50056157A /* Build configuration list for PBXNativeTarget "Lab_02" */ = {
			isa = XCConfigurationList;
			buildConfigurations = (
				7534B9581ED9EBD50056157A /* Debug */,
				7534B9591ED9EBD50056157A /* Release */,
			);
			defaultConfigurationIsVisible = 0;
		};
/* End XCConfigurationList section */
	};
	rootObject = 7534B93D1ED9EBD50056157A /* Project object */;
}
