// !$*UTF8*$!
{
	archiveVersion = 1;
	classes = {
	};
	objectVersion = 46;
	objects = {

/* Begin PBXBuildFile section */
		75516DF51F08174E00E84E1D /* AppDelegate.swift in Sources */ = {isa = PBXBuildFile; fileRef = 75516DF41F08174E00E84E1D /* AppDelegate.swift */; };
		75516DF71F08174E00E84E1D /* ViewController.swift in Sources */ = {isa = PBXBuildFile; fileRef = 75516DF61F08174E00E84E1D /* ViewController.swift */; };
		75516DFA1F08174F00E84E1D /* Main.storyboard in Resources */ = {isa = PBXBuildFile; fileRef = 75516DF81F08174F00E84E1D /* Main.storyboard */; };
		75516DFC1F08174F00E84E1D /* Assets.xcassets in Resources */ = {isa = PBXBuildFile; fileRef = 75516DFB1F08174F00E84E1D /* Assets.xcassets */; };
		75516DFF1F08174F00E84E1D /* LaunchScreen.storyboard in Resources */ = {isa = PBXBuildFile; fileRef = 75516DFD1F08174F00E84E1D /* LaunchScreen.storyboard */; };
		75516E071F081B1A00E84E1D /* VCPretoViewController.swift in Sources */ = {isa = PBXBuildFile; fileRef = 75516E061F081B1A00E84E1D /* VCPretoViewController.swift */; };
		75516E091F08208600E84E1D /* VCBranco.swift in Sources */ = {isa = PBXBuildFile; fileRef = 75516E081F08208600E84E1D /* VCBranco.swift */; };
/* End PBXBuildFile section */

/* Begin PBXFileReference section */
		75516DF11F08174E00E84E1D /* Navegador.app */ = {isa = PBXFileReference; explicitFileType = wrapper.application; includeInIndex = 0; path = Navegador.app; sourceTree = BUILT_PRODUCTS_DIR; };
		75516DF41F08174E00E84E1D /* AppDelegate.swift */ = {isa = PBXFileReference; lastKnownFileType = sourcecode.swift; path = AppDelegate.swift; sourceTree = "<group>"; };
		75516DF61F08174E00E84E1D /* ViewController.swift */ = {isa = PBXFileReference; lastKnownFileType = sourcecode.swift; path = ViewController.swift; sourceTree = "<group>"; };
		75516DF91F08174F00E84E1D /* Base */ = {isa = PBXFileReference; lastKnownFileType = file.storyboard; name = Base; path = Base.lproj/Main.storyboard; sourceTree = "<group>"; };
		75516DFB1F08174F00E84E1D /* Assets.xcassets */ = {isa = PBXFileReference; lastKnownFileType = folder.assetcatalog; path = Assets.xcassets; sourceTree = "<group>"; };
		75516DFE1F08174F00E84E1D /* Base */ = {isa = PBXFileReference; lastKnownFileType = file.storyboard; name = Base; path = Base.lproj/LaunchScreen.storyboard; sourceTree = "<group>"; };
		75516E001F08174F00E84E1D /* Info.plist */ = {isa = PBXFileReference; lastKnownFileType = text.plist.xml; path = Info.plist; sourceTree = "<group>"; };
		75516E061F081B1A00E84E1D /* VCPretoViewController.swift */ = {isa = PBXFileReference; fileEncoding = 4; lastKnownFileType = sourcecode.swift; path = VCPretoViewController.swift; sourceTree = "<group>"; };
		75516E081F08208600E84E1D /* VCBranco.swift */ = {isa = PBXFileReference; fileEncoding = 4; lastKnownFileType = sourcecode.swift; path = VCBranco.swift; sourceTree = "<group>"; };
/* End PBXFileReference section */

/* Begin PBXFrameworksBuildPhase section */
		75516DEE1F08174E00E84E1D /* Frameworks */ = {
			isa = PBXFrameworksBuildPhase;
			buildActionMask = 2147483647;
			files = (
			);
			runOnlyForDeploymentPostprocessing = 0;
		};
/* End PBXFrameworksBuildPhase section */

/* Begin PBXGroup section */
		75516DE81F08174E00E84E1D = {
			isa = PBXGroup;
			children = (
				75516DF31F08174E00E84E1D /* Navegador */,
				75516DF21F08174E00E84E1D /* Products */,
			);
			sourceTree = "<group>";
		};
		75516DF21F08174E00E84E1D /* Products */ = {
			isa = PBXGroup;
			children = (
				75516DF11F08174E00E84E1D /* Navegador.app */,
			);
			name = Products;
			sourceTree = "<group>";
		};
		75516DF31F08174E00E84E1D /* Navegador */ = {
			isa = PBXGroup;
			children = (
				75516DF41F08174E00E84E1D /* AppDelegate.swift */,
				75516DF61F08174E00E84E1D /* ViewController.swift */,
				75516DF81F08174F00E84E1D /* Main.storyboard */,
				75516DFB1F08174F00E84E1D /* Assets.xcassets */,
				75516DFD1F08174F00E84E1D /* LaunchScreen.storyboard */,
				75516E001F08174F00E84E1D /* Info.plist */,
				75516E061F081B1A00E84E1D /* VCPretoViewController.swift */,
				75516E081F08208600E84E1D /* VCBranco.swift */,
			);
			path = Navegador;
			sourceTree = "<group>";
		};
/* End PBXGroup section */

/* Begin PBXNativeTarget section */
		75516DF01F08174E00E84E1D /* Navegador */ = {
			isa = PBXNativeTarget;
			buildConfigurationList = 75516E031F08174F00E84E1D /* Build configuration list for PBXNativeTarget "Navegador" */;
			buildPhases = (
				75516DED1F08174E00E84E1D /* Sources */,
				75516DEE1F08174E00E84E1D /* Frameworks */,
				75516DEF1F08174E00E84E1D /* Resources */,
			);
			buildRules = (
			);
			dependencies = (
			);
			name = Navegador;
			productName = Navegador;
			productReference = 75516DF11F08174E00E84E1D /* Navegador.app */;
			productType = "com.apple.product-type.application";
		};
/* End PBXNativeTarget section */

/* Begin PBXProject section */
		75516DE91F08174E00E84E1D /* Project object */ = {
			isa = PBXProject;
			attributes = {
				LastSwiftUpdateCheck = 0830;
				LastUpgradeCheck = 0830;
				ORGANIZATIONNAME = mobile;
				TargetAttributes = {
					75516DF01F08174E00E84E1D = {
						CreatedOnToolsVersion = 8.3;
						ProvisioningStyle = Automatic;
					};
				};
			};
			buildConfigurationList = 75516DEC1F08174E00E84E1D /* Build configuration list for PBXProject "Navegador" */;
			compatibilityVersion = "Xcode 3.2";
			developmentRegion = English;
			hasScannedForEncodings = 0;
			knownRegions = (
				en,
				Base,
			);
			mainGroup = 75516DE81F08174E00E84E1D;
			productRefGroup = 75516DF21F08174E00E84E1D /* Products */;
			projectDirPath = "";
			projectRoot = "";
			targets = (
				75516DF01F08174E00E84E1D /* Navegador */,
			);
		};
/* End PBXProject section */

/* Begin PBXResourcesBuildPhase section */
		75516DEF1F08174E00E84E1D /* Resources */ = {
			isa = PBXResourcesBuildPhase;
			buildActionMask = 2147483647;
			files = (
				75516DFF1F08174F00E84E1D /* LaunchScreen.storyboard in Resources */,
				75516DFC1F08174F00E84E1D /* Assets.xcassets in Resources */,
				75516DFA1F08174F00E84E1D /* Main.storyboard in Resources */,
			);
			runOnlyForDeploymentPostprocessing = 0;
		};
/* End PBXResourcesBuildPhase section */

/* Begin PBXSourcesBuildPhase section */
		75516DED1F08174E00E84E1D /* Sources */ = {
			isa = PBXSourcesBuildPhase;
			buildActionMask = 2147483647;
			files = (
				75516E071F081B1A00E84E1D /* VCPretoViewController.swift in Sources */,
				75516DF71F08174E00E84E1D /* ViewController.swift in Sources */,
				75516DF51F08174E00E84E1D /* AppDelegate.swift in Sources */,
				75516E091F08208600E84E1D /* VCBranco.swift in Sources */,
			);
			runOnlyForDeploymentPostprocessing = 0;
		};
/* End PBXSourcesBuildPhase section */

/* Begin PBXVariantGroup section */
		75516DF81F08174F00E84E1D /* Main.storyboard */ = {
			isa = PBXVariantGroup;
			children = (
				75516DF91F08174F00E84E1D /* Base */,
			);
			name = Main.storyboard;
			sourceTree = "<group>";
		};
		75516DFD1F08174F00E84E1D /* LaunchScreen.storyboard */ = {
			isa = PBXVariantGroup;
			children = (
				75516DFE1F08174F00E84E1D /* Base */,
			);
			name = LaunchScreen.storyboard;
			sourceTree = "<group>";
		};
/* End PBXVariantGroup section */

/* Begin XCBuildConfiguration section */
		75516E011F08174F00E84E1D /* Debug */ = {
			isa = XCBuildConfiguration;
			buildSettings = {
				ALWAYS_SEARCH_USER_PATHS = NO;
				CLANG_ANALYZER_NONNULL = YES;
				CLANG_ANALYZER_NUMBER_OBJECT_CONVERSION = YES_AGGRESSIVE;
				CLANG_CXX_LANGUAGE_STANDARD = "gnu++0x";
				CLANG_CXX_LIBRARY = "libc++";
				CLANG_ENABLE_MODULES = YES;
				CLANG_ENABLE_OBJC_ARC = YES;
				CLANG_WARN_BOOL_CONVERSION = YES;
				CLANG_WARN_CONSTANT_CONVERSION = YES;
				CLANG_WARN_DIRECT_OBJC_ISA_USAGE = YES_ERROR;
				CLANG_WARN_DOCUMENTATION_COMMENTS = YES;
				CLANG_WARN_EMPTY_BODY = YES;
				CLANG_WARN_ENUM_CONVERSION = YES;
				CLANG_WARN_INFINITE_RECURSION = YES;
				CLANG_WARN_INT_CONVERSION = YES;
				CLANG_WARN_OBJC_ROOT_CLASS = YES_ERROR;
				CLANG_WARN_SUSPICIOUS_MOVE = YES;
				CLANG_WARN_UNREACHABLE_CODE = YES;
				CLANG_WARN__DUPLICATE_METHOD_MATCH = YES;
				"CODE_SIGN_IDENTITY[sdk=iphoneos*]" = "iPhone Developer";
				COPY_PHASE_STRIP = NO;
				DEBUG_INFORMATION_FORMAT = dwarf;
				ENABLE_STRICT_OBJC_MSGSEND = YES;
				ENABLE_TESTABILITY = YES;
				GCC_C_LANGUAGE_STANDARD = gnu99;
				GCC_DYNAMIC_NO_PIC = NO;
				GCC_NO_COMMON_BLOCKS = YES;
				GCC_OPTIMIZATION_LEVEL = 0;
				GCC_PREPROCESSOR_DEFINITIONS = (
					"DEBUG=1",
					"$(inherited)",
				);
				GCC_WARN_64_TO_32_BIT_CONVERSION = YES;
				GCC_WARN_ABOUT_RETURN_TYPE = YES_ERROR;
				GCC_WARN_UNDECLARED_SELECTOR = YES;
				GCC_WARN_UNINITIALIZED_AUTOS = YES_AGGRESSIVE;
				GCC_WARN_UNUSED_FUNCTION = YES;
				GCC_WARN_UNUSED_VARIABLE = YES;
				IPHONEOS_DEPLOYMENT_TARGET = 10.3;
				MTL_ENABLE_DEBUG_INFO = YES;
				ONLY_ACTIVE_ARCH = YES;
				SDKROOT = iphoneos;
				SWIFT_ACTIVE_COMPILATION_CONDITIONS = DEBUG;
				SWIFT_OPTIMIZATION_LEVEL = "-Onone";
			};
			name = Debug;
		};
		75516E021F08174F00E84E1D /* Release */ = {
			isa = XCBuildConfiguration;
			buildSettings = {
				ALWAYS_SEARCH_USER_PATHS = NO;
				CLANG_ANALYZER_NONNULL = YES;
				CLANG_ANALYZER_NUMBER_OBJECT_CONVERSION = YES_AGGRESSIVE;
				CLANG_CXX_LANGUAGE_STANDARD = "gnu++0x";
				CLANG_CXX_LIBRARY = "libc++";
				CLANG_ENABLE_MODULES = YES;
				CLANG_ENABLE_OBJC_ARC = YES;
				CLANG_WARN_BOOL_CONVERSION = YES;
				CLANG_WARN_CONSTANT_CONVERSION = YES;
				CLANG_WARN_DIRECT_OBJC_ISA_USAGE = YES_ERROR;
				CLANG_WARN_DOCUMENTATION_COMMENTS = YES;
				CLANG_WARN_EMPTY_BODY = YES;
				CLANG_WARN_ENUM_CONVERSION = YES;
				CLANG_WARN_INFINITE_RECURSION = YES;
				CLANG_WARN_INT_CONVERSION = YES;
				CLANG_WARN_OBJC_ROOT_CLASS = YES_ERROR;
				CLANG_WARN_SUSPICIOUS_MOVE = YES;
				CLANG_WARN_UNREACHABLE_CODE = YES;
				CLANG_WARN__DUPLICATE_METHOD_MATCH = YES;
				"CODE_SIGN_IDENTITY[sdk=iphoneos*]" = "iPhone Developer";
				COPY_PHASE_STRIP = NO;
				DEBUG_INFORMATION_FORMAT = "dwarf-with-dsym";
				ENABLE_NS_ASSERTIONS = NO;
				ENABLE_STRICT_OBJC_MSGSEND = YES;
				GCC_C_LANGUAGE_STANDARD = gnu99;
				GCC_NO_COMMON_BLOCKS = YES;
				GCC_WARN_64_TO_32_BIT_CONVERSION = YES;
				GCC_WARN_ABOUT_RETURN_TYPE = YES_ERROR;
				GCC_WARN_UNDECLARED_SELECTOR = YES;
				GCC_WARN_UNINITIALIZED_AUTOS = YES_AGGRESSIVE;
				GCC_WARN_UNUSED_FUNCTION = YES;
				GCC_WARN_UNUSED_VARIABLE = YES;
				IPHONEOS_DEPLOYMENT_TARGET = 10.3;
				MTL_ENABLE_DEBUG_INFO = NO;
				SDKROOT = iphoneos;
				SWIFT_OPTIMIZATION_LEVEL = "-Owholemodule";
				VALIDATE_PRODUCT = YES;
			};
			name = Release;
		};
		75516E041F08174F00E84E1D /* Debug */ = {
			isa = XCBuildConfiguration;
			buildSettings = {
				ASSETCATALOG_COMPILER_APPICON_NAME = AppIcon;
				INFOPLIST_FILE = Navegador/Info.plist;
				LD_RUNPATH_SEARCH_PATHS = "$(inherited) @executable_path/Frameworks";
				PRODUCT_BUNDLE_IDENTIFIER = br.com.thiago.Navegador;
				PRODUCT_NAME = "$(TARGET_NAME)";
				SWIFT_VERSION = 3.0;
			};
			name = Debug;
		};
		75516E051F08174F00E84E1D /* Release */ = {
			isa = XCBuildConfiguration;
			buildSettings = {
				ASSETCATALOG_COMPILER_APPICON_NAME = AppIcon;
				INFOPLIST_FILE = Navegador/Info.plist;
				LD_RUNPATH_SEARCH_PATHS = "$(inherited) @executable_path/Frameworks";
				PRODUCT_BUNDLE_IDENTIFIER = br.com.thiago.Navegador;
				PRODUCT_NAME = "$(TARGET_NAME)";
				SWIFT_VERSION = 3.0;
			};
			name = Release;
		};
/* End XCBuildConfiguration section */

/* Begin XCConfigurationList section */
		75516DEC1F08174E00E84E1D /* Build configuration list for PBXProject "Navegador" */ = {
			isa = XCConfigurationList;
			buildConfigurations = (
				75516E011F08174F00E84E1D /* Debug */,
				75516E021F08174F00E84E1D /* Release */,
			);
			defaultConfigurationIsVisible = 0;
			defaultConfigurationName = Release;
		};
		75516E031F08174F00E84E1D /* Build configuration list for PBXNativeTarget "Navegador" */ = {
			isa = XCConfigurationList;
			buildConfigurations = (
				75516E041F08174F00E84E1D /* Debug */,
				75516E051F08174F00E84E1D /* Release */,
			);
			defaultConfigurationIsVisible = 0;
		};
/* End XCConfigurationList section */
	};
	rootObject = 75516DE91F08174E00E84E1D /* Project object */;
}
